Microsoft Visual Studio Solution File, Format Version 12.00
# Visual Studio Version 16
VisualStudioVersion = 16.0.31424.327
MinimumVisualStudioVersion = 10.0.40219.1
Project("{FAE04EC0-301F-11D3-BF4B-00C04F79EFBC}") = "GM.Service", "GM.Service\GM.Service.csproj", "{C932B61A-C2EC-4595-A975-DC6AB1B857A1}"
EndProject
Project("{FAE04EC0-301F-11D3-BF4B-00C04F79EFBC}") = "Tank.Data", "Tank.Data\Tank.Data.csproj", "{58555F5A-29A5-40E1-AB1E-3D34C26FF40B}"
EndProject
Project("{FAE04EC0-301F-11D3-BF4B-00C04F79EFBC}") = "SqlDataProvider", "SqlDataProvider\SqlDataProvider.csproj", "{1E39A629-96DA-4460-90AF-EA597987BA7F}"
EndProject
Global
	GlobalSection(SolutionConfigurationPlatforms) = preSolution
		Debug|Any CPU = Debug|Any CPU
		Release|Any CPU = Release|Any CPU
	EndGlobalSection
	GlobalSection(ProjectConfigurationPlatforms) = postSolution
		{C932B61A-C2EC-4595-A975-DC6AB1B857A1}.Debug|Any CPU.ActiveCfg = Debug|Any CPU
		{C932B61A-C2EC-4595-A975-DC6AB1B857A1}.Debug|Any CPU.Build.0 = Debug|Any CPU
		{C932B61A-C2EC-4595-A975-DC6AB1B857A1}.Release|Any CPU.ActiveCfg = Release|Any CPU
		{C932B61A-C2EC-4595-A975-DC6AB1B857A1}.Release|Any CPU.Build.0 = Release|Any CPU
		{58555F5A-29A5-40E1-AB1E-3D34C26FF40B}.Debug|Any CPU.ActiveCfg = Debug|Any CPU
		{58555F5A-29A5-40E1-AB1E-3D34C26FF40B}.Debug|Any CPU.Build.0 = Debug|Any CPU
		{58555F5A-29A5-40E1-AB1E-3D34C26FF40B}.Release|Any CPU.ActiveCfg = Release|Any CPU
		{58555F5A-29A5-40E1-AB1E-3D34C26FF40B}.Release|Any CPU.Build.0 = Release|Any CPU
		{1E39A629-96DA-4460-90AF-EA597987BA7F}.Debug|Any CPU.ActiveCfg = Debug|Any CPU
		{1E39A629-96DA-4460-90AF-EA597987BA7F}.Debug|Any CPU.Build.0 = Debug|Any CPU
		{1E39A629-96DA-4460-90AF-EA597987BA7F}.Release|Any CPU.ActiveCfg = Release|Any CPU
		{1E39A629-96DA-4460-90AF-EA597987BA7F}.Release|Any CPU.Build.0 = Release|Any CPU
	EndGlobalSection
	GlobalSection(SolutionProperties) = preSolution
		HideSolutionNode = FALSE
	EndGlobalSection
	GlobalSection(ExtensibilityGlobals) = postSolution
		SolutionGuid = {16D773B4-E932-457C-8E4B-B95387846EE5}
	EndGlobalSection
EndGlobal
