
Microsoft Visual Studio Solution File, Format Version 11.00
# Visual Studio 2010
Project("{FAE04EC0-301F-11D3-BF4B-00C04F79EFBC}") = "Tank.Request", "Tank.Request\Tank.Request.csproj", "{9D4A2114-1BA3-412F-8014-E32933A16655}"
EndProject
Global
	GlobalSection(SolutionConfigurationPlatforms) = preSolution
		Debug|Any CPU = Debug|Any CPU
		Release|Any CPU = Release|Any CPU
	EndGlobalSection
	GlobalSection(ProjectConfigurationPlatforms) = postSolution
		{9D4A2114-1BA3-412F-8014-E32933A16655}.Debug|Any CPU.ActiveCfg = Debug|Any CPU
		{9D4A2114-1BA3-412F-8014-E32933A16655}.Debug|Any CPU.Build.0 = Debug|Any CPU
		{9D4A2114-1BA3-412F-8014-E32933A16655}.Release|Any CPU.ActiveCfg = Release|Any CPU
		{9D4A2114-1BA3-412F-8014-E32933A16655}.Release|Any CPU.Build.0 = Release|Any CPU
	EndGlobalSection
	GlobalSection(SolutionProperties) = preSolution
		HideSolutionNode = FALSE
	EndGlobalSection
EndGlobal
